
Microsoft Visual Studio Solution File, Format Version 12.00
# Visual Studio 15
VisualStudioVersion = 15.0.28307.1705
MinimumVisualStudioVersion = 10.0.40219.1
Project("{FAE04EC0-301F-11D3-BF4B-00C04F79EFBC}") = "WpfApp1", "WpfApp1\WpfApp1.csproj", "{A5119999-2965-41B6-A87C-47BC1E54848E}"
EndProject
Global
	GlobalSection(SolutionConfigurationPlatforms) = preSolution
		Debug|Any CPU = Debug|Any CPU
		Release|Any CPU = Release|Any CPU
	EndGlobalSection
	GlobalSection(ProjectConfigurationPlatforms) = postSolution
		{A5119999-2965-41B6-A87C-47BC1E54848E}.Debug|Any CPU.ActiveCfg = Debug|Any CPU
		{A5119999-2965-41B6-A87C-47BC1E54848E}.Debug|Any CPU.Build.0 = Debug|Any CPU
		{A5119999-2965-41B6-A87C-47BC1E54848E}.Release|Any CPU.ActiveCfg = Release|Any CPU
		{A5119999-2965-41B6-A87C-47BC1E54848E}.Release|Any CPU.Build.0 = Release|Any CPU
	EndGlobalSection
	GlobalSection(SolutionProperties) = preSolution
		HideSolutionNode = FALSE
	EndGlobalSection
	GlobalSection(ExtensibilityGlobals) = postSolution
		SolutionGuid = {AC5DFDE6-8EAD-45D1-8C74-4028A671F20E}
	EndGlobalSection
EndGlobal
